<?xml version="1.0" encoding="utf-8"?>
<Project ToolsVersion="4.0" xmlns="http://schemas.microsoft.com/developer/msbuild/2003">
  <ItemGroup>
    <Filter Include="Assets">
      <UniqueIdentifier>{5610fc77-ee66-4157-9a85-d745ad309e42}</UniqueIdentifier>
    </Filter>
    <Filter Include="Assets\Music">
      <UniqueIdentifier>{9ccc4851-2a4c-40b1-b7c5-b0348366bf77}</UniqueIdentifier>
    </Filter>
    <Filter Include="Assets\Fonts">
      <UniqueIdentifier>{198e98d2-0a9b-4c9a-98a4-ed90b0f5542c}</UniqueIdentifier>
    </Filter>
    <Filter Include="Assets\Sounds">
      <UniqueIdentifier>{ba31fa4b-f1a7-4bb9-ac7e-775170a0b2b5}</UniqueIdentifier>
    </Filter>
    <Filter Include="Assets\Textures">
      <UniqueIdentifier>{9db34b87-e38e-4456-9c49-a4bd703b09e0}</UniqueIdentifier>
    </Filter>
    <Filter Include="Config">
      <UniqueIdentifier>{d5fa86ca-9254-4f44-af22-36078facccc6}</UniqueIdentifier>
    </Filter>
    <Filter Include="Assets\Models">
      <UniqueIdentifier>{1a84ba15-76df-4b27-9311-1627c0e79a30}</UniqueIdentifier>
    </Filter>
    <Filter Include="Scenes">
      <UniqueIdentifier>{147dc630-8292-4e75-99e5-315057528631}</UniqueIdentifier>
    </Filter>
    <Filter Include="Math">
      <UniqueIdentifier>{47846550-1bb3-4356-8447-c3c05d398868}</UniqueIdentifier>
    </Filter>
    <Filter Include="Resources">
      <UniqueIdentifier>{1a0e5549-4c67-4c16-ad22-fa3e199cd87f}</UniqueIdentifier>
    </Filter>
    <Filter Include="Renderers">
      <UniqueIdentifier>{9b5dcc33-11e2-421d-9a25-8c4eae4a4f24}</UniqueIdentifier>
    </Filter>
    <Filter Include="ECS">
      <UniqueIdentifier>{34949342-79b0-49cb-94be-4bef182c6bf9}</UniqueIdentifier>
    </Filter>
    <Filter Include="ECS\Components">
      <UniqueIdentifier>{3e02ec86-57c2-4afd-bf56-80d6081969b4}</UniqueIdentifier>
    </Filter>
    <Filter Include="ECS\Factories">
      <UniqueIdentifier>{fd8ec130-671d-4789-a0ba-11d2992720c5}</UniqueIdentifier>
    </Filter>
    <Filter Include="ECS\Systems">
      <UniqueIdentifier>{c34dce8f-1b0e-4194-847c-24a0180228c5}</UniqueIdentifier>
    </Filter>
  </ItemGroup>
  <ItemGroup>
    <None Include="assets\fonts\SegoeUI_18.spritefont">
      <Filter>Assets\Fonts</Filter>
    </None>
    <None Include="assets\sounds\ADPCMdroid.xwb">
      <Filter>Assets\Sounds</Filter>
    </None>
    <None Include="packages.config">
      <Filter>Config</Filter>
    </None>
    <None Include="assets\models\tiny.sdkmesh">
      <Filter>Assets\Models</Filter>
    </None>
  </ItemGroup>
  <ItemGroup>
    <ClCompile Include="src\DeviceResources.cpp" />
    <ClCompile Include="src\Game.cpp" />
    <ClCompile Include="src\Main.cpp" />
    <ClCompile Include="src\pch.cpp" />
    <ClCompile Include="src\MainScene.cpp">
      <Filter>Scenes</Filter>
    </ClCompile>
    <ClCompile Include="src\Scene.cpp">
      <Filter>Scenes</Filter>
    </ClCompile>
    <ClCompile Include="src\TestScene.cpp">
      <Filter>Scenes</Filter>
    </ClCompile>
    <ClCompile Include="src\DebugRenderer.cpp">
      <Filter>Renderers</Filter>
    </ClCompile>
    <ClCompile Include="src\CollisionScene.cpp">
      <Filter>Scenes</Filter>
    </ClCompile>
    <ClCompile Include="src\Renderer.cpp">
      <Filter>Renderers</Filter>
    </ClCompile>
    <ClCompile Include="src\PlayerRenderer.cpp">
      <Filter>Renderers</Filter>
    </ClCompile>
    <ClCompile Include="src\EntityScene.cpp">
      <Filter>Scenes</Filter>
    </ClCompile>
    <ClCompile Include="src\Utility.cpp" />
    <ClCompile Include="src\MiscRenderer.cpp">
      <Filter>Renderers</Filter>
    </ClCompile>
    <ClCompile Include="src\BuildingRenderer.cpp">
      <Filter>Renderers</Filter>
    </ClCompile>
    <ClCompile Include="src\Entity.cpp">
      <Filter>ECS</Filter>
    </ClCompile>
    <ClCompile Include="src\PlayerFactory.cpp">
      <Filter>ECS\Factories</Filter>
    </ClCompile>
    <ClCompile Include="src\BuildingFactory.cpp">
      <Filter>ECS\Factories</Filter>
    </ClCompile>
    <ClCompile Include="src\Collider.cpp">
      <Filter>ECS\Components</Filter>
    </ClCompile>
    <ClCompile Include="src\PlayerSystem.cpp">
      <Filter>ECS\Systems</Filter>
    </ClCompile>
    <ClCompile Include="src\CollisionSystem.cpp">
      <Filter>ECS\Systems</Filter>
    </ClCompile>
    <ClCompile Include="src\Identifier.cpp">
      <Filter>ECS\Components</Filter>
    </ClCompile>
    <ClCompile Include="src\Building.cpp">
      <Filter>ECS\Components</Filter>
    </ClCompile>
    <ClCompile Include="src\Player.cpp">
      <Filter>ECS\Components</Filter>
    </ClCompile>
    <ClCompile Include="src\Rigidbody.cpp">
      <Filter>ECS\Components</Filter>
    </ClCompile>
    <ClCompile Include="src\DynamicsSystem.cpp">
      <Filter>ECS\Systems</Filter>
    </ClCompile>
    <ClCompile Include="src\EntityTransform.cpp">
      <Filter>ECS\Components</Filter>
    </ClCompile>
    <ClCompile Include="src\Hierarchy.cpp">
      <Filter>ECS\Components</Filter>
    </ClCompile>
    <ClCompile Include="src\SteeringBehaviour.cpp">
      <Filter>ECS\Components</Filter>
    </ClCompile>
    <ClCompile Include="src\SteeringSystem.cpp">
      <Filter>ECS\Systems</Filter>
    </ClCompile>
    <ClCompile Include="src\SteeringFactory.cpp">
      <Filter>ECS\Factories</Filter>
    </ClCompile>
    <ClCompile Include="src\SteeringScene.cpp">
      <Filter>Scenes</Filter>
    </ClCompile>
    <ClCompile Include="src\SplineScene.cpp">
      <Filter>Scenes</Filter>
    </ClCompile>
    <ClCompile Include="src\EntityFunctions.cpp">
      <Filter>ECS</Filter>
    </ClCompile>
    <ClCompile Include="src\PathScene.cpp">
      <Filter>Scenes</Filter>
    </ClCompile>
  </ItemGroup>
  <ItemGroup>
    <ClInclude Include="src\DeviceResources.h" />
    <ClInclude Include="src\Game.h" />
    <ClInclude Include="src\pch.h" />
    <ClInclude Include="src\StepTimer.h" />
    <ClInclude Include="src\DXTK.h" />
    <ClInclude Include="src\MainScene.h">
      <Filter>Scenes</Filter>
    </ClInclude>
    <ClInclude Include="src\Scene.h">
      <Filter>Scenes</Filter>
    </ClInclude>
    <ClInclude Include="src\TestScene.h">
      <Filter>Scenes</Filter>
    </ClInclude>
    <ClInclude Include="src\Tags.h" />
    <ClInclude Include="src\DebugRenderer.h">
      <Filter>Renderers</Filter>
    </ClInclude>
    <ClInclude Include="src\CollisionScene.h">
      <Filter>Scenes</Filter>
    </ClInclude>
    <ClInclude Include="src\Renderer.h">
      <Filter>Renderers</Filter>
    </ClInclude>
    <ClInclude Include="src\PlayerRenderer.h">
      <Filter>Renderers</Filter>
    </ClInclude>
    <ClInclude Include="src\EntityScene.h">
      <Filter>Scenes</Filter>
    </ClInclude>
    <ClInclude Include="src\Utility.h" />
    <ClInclude Include="src\Timer.h" />
    <ClInclude Include="src\MiscRenderer.h">
      <Filter>Renderers</Filter>
    </ClInclude>
    <ClInclude Include="src\Curves.h">
      <Filter>Math</Filter>
    </ClInclude>
    <ClInclude Include="src\MathUtilities.h">
      <Filter>Math</Filter>
    </ClInclude>
    <ClInclude Include="src\CollisionMath.h">
      <Filter>Math</Filter>
    </ClInclude>
    <ClInclude Include="src\Entity.h">
      <Filter>ECS</Filter>
    </ClInclude>
    <ClInclude Include="src\BuildingRenderer.h">
      <Filter>Renderers</Filter>
    </ClInclude>
    <ClInclude Include="src\Building.h">
      <Filter>ECS\Components</Filter>
    </ClInclude>
    <ClInclude Include="src\PlayerFactory.h">
      <Filter>ECS\Factories</Filter>
    </ClInclude>
    <ClInclude Include="src\BuildingFactory.h">
      <Filter>ECS\Factories</Filter>
    </ClInclude>
    <ClInclude Include="src\Components.h">
      <Filter>ECS</Filter>
    </ClInclude>
    <ClInclude Include="src\Collider.h">
      <Filter>ECS\Components</Filter>
    </ClInclude>
    <ClInclude Include="src\PlayerSystem.h">
      <Filter>ECS\Systems</Filter>
    </ClInclude>
    <ClInclude Include="src\CollisionSystem.h">
      <Filter>ECS\Systems</Filter>
    </ClInclude>
    <ClInclude Include="src\Identifier.h">
      <Filter>ECS\Components</Filter>
    </ClInclude>
    <ClInclude Include="src\ComponentHash.h">
      <Filter>ECS</Filter>
    </ClInclude>
    <ClInclude Include="src\ComponentMap.h">
      <Filter>ECS</Filter>
    </ClInclude>
    <ClInclude Include="src\Player.h">
      <Filter>ECS\Components</Filter>
    </ClInclude>
    <ClInclude Include="src\Constants.h" />
    <ClInclude Include="src\Steering.h">
      <Filter>Math</Filter>
    </ClInclude>
    <ClInclude Include="src\Dynamics.h">
      <Filter>Math</Filter>
    </ClInclude>
    <ClInclude Include="src\Rigidbody.h">
      <Filter>ECS\Components</Filter>
    </ClInclude>
    <ClInclude Include="src\DynamicsSystem.h">
      <Filter>ECS\Systems</Filter>
    </ClInclude>
    <ClInclude Include="src\EntityTransform.h">
      <Filter>ECS\Components</Filter>
    </ClInclude>
    <ClInclude Include="src\Transform.h">
      <Filter>Math</Filter>
    </ClInclude>
    <ClInclude Include="src\Hierarchy.h">
      <Filter>ECS\Components</Filter>
    </ClInclude>
    <ClInclude Include="src\SteeringBehaviour.h">
      <Filter>ECS\Components</Filter>
    </ClInclude>
    <ClInclude Include="src\SteeringSystem.h">
      <Filter>ECS\Systems</Filter>
    </ClInclude>
    <ClInclude Include="src\SteeringFactory.h">
      <Filter>ECS\Factories</Filter>
    </ClInclude>
    <ClInclude Include="src\SteeringScene.h">
      <Filter>Scenes</Filter>
    </ClInclude>
    <ClInclude Include="src\SplineScene.h">
      <Filter>Scenes</Filter>
    </ClInclude>
    <ClInclude Include="src\EntityFunctions.h">
      <Filter>ECS</Filter>
    </ClInclude>
    <ClInclude Include="src\Geometry.h">
      <Filter>Math</Filter>
    </ClInclude>
    <ClInclude Include="src\PathScene.h">
      <Filter>Scenes</Filter>
    </ClInclude>
  </ItemGroup>
  <ItemGroup>
    <Media Include="assets\music\musicmono_adpcm.wav">
      <Filter>Assets\Music</Filter>
    </Media>
  </ItemGroup>
  <ItemGroup>
    <Image Include="assets\textures\seafloor.dds">
      <Filter>Assets\Textures</Filter>
    </Image>
    <Image Include="assets\textures\windowslogo.dds">
      <Filter>Assets\Textures</Filter>
    </Image>
    <Image Include="directx.ico">
      <Filter>Assets</Filter>
    </Image>
    <Image Include="assets\models\Tiny_skin.dds">
      <Filter>Assets\Models</Filter>
    </Image>
  </ItemGroup>
  <ItemGroup>
    <ResourceCompile Include="resource.rc">
      <Filter>Assets</Filter>
    </ResourceCompile>
  </ItemGroup>
  <ItemGroup>
    <Manifest Include="settings.manifest">
      <Filter>Config</Filter>
    </Manifest>
  </ItemGroup>
</Project>